{
  "name": "my-commerce-site",
  "version": "1.0.0",
  "lockfileVersion": 3,
  "requires": true,
  "packages": {
    "": {
      "name": "my-commerce-site",
      "version": "1.0.0",
      "license": "Private",
      "devDependencies": {
        "typescript": "^5.8.3"
      }
    },
    "dependencies/b2c-tools": {
      "name": "@SalesforceCommerceCloud/b2c-tools",
      "version": "0.32.1",
      "extraneous": true,
      "license": "UNLICENSED",
      "dependencies": {
        "@modelcontextprotocol/sdk": "1.13.0",
        "adm-zip": "0.5.9",
        "archiver": "5.3.0",
        "axios": "0.27.2",
        "chokidar": "^3.5.3",
        "dotenv": "^16.0.0",
        "fast-xml-parser": "4.3.6",
        "fs-extra": "10.0.0",
        "glob": "7.1.7",
        "inquirer": "8.1.2",
        "open": "8.2.1",
        "winston": "3.3.3",
        "xml2js": "0.6.2",
        "yargs": "17.2.1",
        "zod": "^3.25.67"
      },
      "bin": {
        "b2c-tools": "cli.js"
      },
      "devDependencies": {
        "@types/node": "20.12.4",
        "@types/xml2js": "^0.4.11",
        "axios-mock-adapter": "1.19.0",
        "documentation": "13.2.5",
        "eslint": "8.29.0",
        "eslint-plugin-jest": "^27.1.6",
        "jest": "27.4.5",
        "msw": "^2.2.10",
        "node-loader": "^2.0.0",
        "typescript": "5.4.3",
        "webpack": "^5.91.0",
        "webpack-cli": "^5.1.4"
      },
      "engines": {
        "node": ">=16.0.0"
      }
    },
    "node_modules/typescript": {
      "version": "5.8.3",
      "resolved": "https://registry.npmjs.org/typescript/-/typescript-5.8.3.tgz",
      "integrity": "sha512-p1diW6TqL9L07nNxvRMM7hMMw4c5XOo/1ibL4aAIGmSAt9slTE1Xgw5KWuof2uTOvCg9BY7ZRi+GaF+7sfgPeQ==",
      "dev": true,
      "license": "Apache-2.0",
      "peer": true,
      "bin": {
        "tsc": "bin/tsc",
        "tsserver": "bin/tsserver"
      },
      "engines": {
        "node": ">=14.17"
      }
    }
  }
}
